# Generated by pub
# See https://dart.dev/tools/pub/glossary#lockfile
packages:
  async:
    dependency: transitive
    description:
      name: async
      sha256: bfe67ef28df125b7dddcea62755991f807aa39a2492a23e1550161692950bbe0
      url: "https://pub.flutter-io.cn"
    source: hosted
    version: "2.10.0"
  boolean_selector:
    dependency: transitive
    description:
      name: boolean_selector
      sha256: "6cfb5af12253eaf2b368f07bacc5a80d1301a071c73360d746b7f2e32d762c66"
      url: "https://pub.flutter-io.cn"
    source: hosted
    version: "2.1.1"
  characters:
    dependency: transitive
    description:
      name: characters
      sha256: e6a326c8af69605aec75ed6c187d06b349707a27fbff8222ca9cc2cff167975c
      url: "https://pub.flutter-io.cn"
    source: hosted
    version: "1.2.1"
  charcode:
    dependency: transitive
    description:
      name: charcode
      sha256: fb98c0f6d12c920a02ee2d998da788bca066ca5f148492b7085ee23372b12306
      url: "https://pub.flutter-io.cn"
    source: hosted
    version: "1.3.1"
  clock:
    dependency: transitive
    description:
      name: clock
      sha256: cb6d7f03e1de671e34607e909a7213e31d7752be4fb66a86d29fe1eb14bfb5cf
      url: "https://pub.flutter-io.cn"
    source: hosted
    version: "1.1.1"
  collection:
    dependency: transitive
    description:
      name: collection
      sha256: cfc915e6923fe5ce6e153b0723c753045de46de1b4d63771530504004a45fae0
      url: "https://pub.flutter-io.cn"
    source: hosted
    version: "1.17.0"
  convert:
    dependency: transitive
    description:
      name: convert
      sha256: "3fa83bc417e26f1d55814443a603747d48e3cdf55b2f4fea27dea8e9224dcefd"
      url: "https://pub.flutter-io.cn"
    source: hosted
    version: "2.1.1"
  crypto:
    dependency: transitive
    description:
      name: crypto
      sha256: "3ce628f3c6a7144be6c524dbb20ca5af52fa59c850c587bf5e52cd70ece8e7e8"
      url: "https://pub.flutter-io.cn"
    source: hosted
    version: "2.1.5"
  cupertino_icons:
    dependency: "direct main"
    description:
      name: cupertino_icons
      sha256: a937da4c006989739ceb4d10e3bd6cce64ca85d0fe287fc5b2b9f6ee757dcee6
      url: "https://pub.flutter-io.cn"
    source: hosted
    version: "0.1.3"
  data_plugin:
    dependency: "direct main"
    description:
      name: data_plugin
      sha256: "01abcce4a59bd83d2236c68e7c8b21fbb2daf1f49f61219e1feb555de50c4742"
      url: "https://pub.flutter-io.cn"
    source: hosted
    version: "0.0.18"
  dio:
    dependency: transitive
    description:
      name: dio
      sha256: "11979099d9ea182d74b6734340704d628b99c7a8316f9edd7718a297d1bcdd27"
      url: "https://pub.flutter-io.cn"
    source: hosted
    version: "3.0.10"
  fake_async:
    dependency: transitive
    description:
      name: fake_async
      sha256: "511392330127add0b769b75a987850d136345d9227c6b94c96a04cf4a391bf78"
      url: "https://pub.flutter-io.cn"
    source: hosted
    version: "1.3.1"
  ffi:
    dependency: transitive
    description:
      name: ffi
      sha256: "13a6ccf6a459a125b3fcdb6ec73bd5ff90822e071207c663bfd1f70062d51d18"
      url: "https://pub.flutter-io.cn"
    source: hosted
    version: "1.2.1"
  file:
    dependency: transitive
    description:
      name: file
      sha256: "1b92bec4fc2a72f59a8e15af5f52cd441e4a7860b49499d69dfa817af20e925d"
      url: "https://pub.flutter-io.cn"
    source: hosted
    version: "6.1.4"
  flutter:
    dependency: "direct main"
    description: flutter
    source: sdk
    version: "0.0.0"
  flutter_spinkit:
    dependency: transitive
    description:
      name: flutter_spinkit
      sha256: "399fd2a76d47454f4a2bfcee07095ba21160469ba2b2959b4d1c1041a8f594c9"
      url: "https://pub.flutter-io.cn"
    source: hosted
    version: "4.1.2+1"
  flutter_test:
    dependency: "direct dev"
    description: flutter
    source: sdk
    version: "0.0.0"
  flutter_web_plugins:
    dependency: transitive
    description: flutter
    source: sdk
    version: "0.0.0"
  http_parser:
    dependency: transitive
    description:
      name: http_parser
      sha256: "9d2b0626e9e402fc98e6868360da8f256064d6c0b8e4c3edcca5e02fb0b95da9"
      url: "https://pub.flutter-io.cn"
    source: hosted
    version: "3.1.4"
  js:
    dependency: transitive
    description:
      name: js
      sha256: "5528c2f391ededb7775ec1daa69e65a2d61276f7552de2b5f7b8d34ee9fd4ab7"
      url: "https://pub.flutter-io.cn"
    source: hosted
    version: "0.6.5"
  json_annotation:
    dependency: transitive
    description:
      name: json_annotation
      sha256: "6cec7404b25d6338c8cb7b30131cd6c760079a4ec1fa7846c55bdda91f9d2819"
      url: "https://pub.flutter-io.cn"
    source: hosted
    version: "3.1.1"
  matcher:
    dependency: transitive
    description:
      name: matcher
      sha256: "16db949ceee371e9b99d22f88fa3a73c4e59fd0afed0bd25fc336eb76c198b72"
      url: "https://pub.flutter-io.cn"
    source: hosted
    version: "0.12.13"
  material_color_utilities:
    dependency: transitive
    description:
      name: material_color_utilities
      sha256: d92141dc6fe1dad30722f9aa826c7fbc896d021d792f80678280601aff8cf724
      url: "https://pub.flutter-io.cn"
    source: hosted
    version: "0.2.0"
  meta:
    dependency: transitive
    description:
      name: meta
      sha256: "6c268b42ed578a53088d834796959e4a1814b5e9e164f147f580a386e5decf42"
      url: "https://pub.flutter-io.cn"
    source: hosted
    version: "1.8.0"
  path:
    dependency: transitive
    description:
      name: path
      sha256: db9d4f58c908a4ba5953fcee2ae317c94889433e5024c27ce74a37f94267945b
      url: "https://pub.flutter-io.cn"
    source: hosted
    version: "1.8.2"
  path_provider_linux:
    dependency: transitive
    description:
      name: path_provider_linux
      sha256: "739b008776d4377ef8945db2d6f42d17ad7a280f0d0cdf961de26a69ea3964e5"
      url: "https://pub.flutter-io.cn"
    source: hosted
    version: "0.0.1+2"
  path_provider_platform_interface:
    dependency: transitive
    description:
      name: path_provider_platform_interface
      sha256: e06b2d369e0eb863cf0c4876d0fb6943846876f7e51b2752059a5c6b05bf5354
      url: "https://pub.flutter-io.cn"
    source: hosted
    version: "1.0.4"
  path_provider_windows:
    dependency: transitive
    description:
      name: path_provider_windows
      sha256: "16dfc776bde4b7952901316ca518780dbd3758777152eb9632958008e0338d54"
      url: "https://pub.flutter-io.cn"
    source: hosted
    version: "0.0.5"
  permission_handler:
    dependency: "direct main"
    description:
      name: permission_handler
      sha256: e5a26079da8ca460319a3d70b41c6ab5becc218d6b4a8fe6c4c0080866408b39
      url: "https://pub.flutter-io.cn"
    source: hosted
    version: "3.3.0"
  platform:
    dependency: transitive
    description:
      name: platform
      sha256: "4a451831508d7d6ca779f7ac6e212b4023dd5a7d08a27a63da33756410e32b76"
      url: "https://pub.flutter-io.cn"
    source: hosted
    version: "3.1.0"
  plugin_platform_interface:
    dependency: transitive
    description:
      name: plugin_platform_interface
      sha256: c3ebbff365bfb1b5f7b690c9857d2dabea167f35b05eb7586186499b407efb37
      url: "https://pub.flutter-io.cn"
    source: hosted
    version: "1.0.3"
  process:
    dependency: transitive
    description:
      name: process
      sha256: "53fd8db9cec1d37b0574e12f07520d582019cb6c44abf5479a01505099a34a09"
      url: "https://pub.flutter-io.cn"
    source: hosted
    version: "4.2.4"
  shared_preferences:
    dependency: transitive
    description:
      name: shared_preferences
      sha256: "37933bcbf85712b429f5c09c922eda205946367f8f0e005e2d4c5973c6254a38"
      url: "https://pub.flutter-io.cn"
    source: hosted
    version: "0.5.12+4"
  shared_preferences_linux:
    dependency: transitive
    description:
      name: shared_preferences_linux
      sha256: "36c465d8a7af4a8cddd39efec282f6e52988ccad6bdc96571e53ed6a5b0d7f95"
      url: "https://pub.flutter-io.cn"
    source: hosted
    version: "0.0.2+4"
  shared_preferences_macos:
    dependency: transitive
    description:
      name: shared_preferences_macos
      sha256: "1e66de5365055e1c7a47ea10d77bcc96330041f168bbbdf7a2bfdd4381667901"
      url: "https://pub.flutter-io.cn"
    source: hosted
    version: "0.0.1+11"
  shared_preferences_platform_interface:
    dependency: transitive
    description:
      name: shared_preferences_platform_interface
      sha256: "10958ff09d5b0caaf199fdc436b3433cb9f7491e5f71e4b3d98b451edfee34f4"
      url: "https://pub.flutter-io.cn"
    source: hosted
    version: "1.0.4"
  shared_preferences_web:
    dependency: transitive
    description:
      name: shared_preferences_web
      sha256: "345b8f659aa4aedaabc3665a63f563c62b08dc209dd23304bc155d69ebcd388d"
      url: "https://pub.flutter-io.cn"
    source: hosted
    version: "0.1.2+7"
  shared_preferences_windows:
    dependency: transitive
    description:
      name: shared_preferences_windows
      sha256: d6a5ce5dd784ed5b8e831dfb844a929c313cc81ba942989f361afeda075725fa
      url: "https://pub.flutter-io.cn"
    source: hosted
    version: "0.0.2+3"
  sky_engine:
    dependency: transitive
    description: flutter
    source: sdk
    version: "0.0.99"
  source_span:
    dependency: transitive
    description:
      name: source_span
      sha256: dd904f795d4b4f3b870833847c461801f6750a9fa8e61ea5ac53f9422b31f250
      url: "https://pub.flutter-io.cn"
    source: hosted
    version: "1.9.1"
  stack_trace:
    dependency: transitive
    description:
      name: stack_trace
      sha256: c3c7d8edb15bee7f0f74debd4b9c5f3c2ea86766fe4178eb2a18eb30a0bdaed5
      url: "https://pub.flutter-io.cn"
    source: hosted
    version: "1.11.0"
  stream_channel:
    dependency: transitive
    description:
      name: stream_channel
      sha256: "83615bee9045c1d322bbbd1ba209b7a749c2cbcdcb3fdd1df8eb488b3279c1c8"
      url: "https://pub.flutter-io.cn"
    source: hosted
    version: "2.1.1"
  string_scanner:
    dependency: transitive
    description:
      name: string_scanner
      sha256: "556692adab6cfa87322a115640c11f13cb77b3f076ddcc5d6ae3c20242bedcde"
      url: "https://pub.flutter-io.cn"
    source: hosted
    version: "1.2.0"
  term_glyph:
    dependency: transitive
    description:
      name: term_glyph
      sha256: a29248a84fbb7c79282b40b8c72a1209db169a2e0542bce341da992fe1bc7e84
      url: "https://pub.flutter-io.cn"
    source: hosted
    version: "1.2.1"
  test_api:
    dependency: transitive
    description:
      name: test_api
      sha256: ad540f65f92caa91bf21dfc8ffb8c589d6e4dc0c2267818b4cc2792857706206
      url: "https://pub.flutter-io.cn"
    source: hosted
    version: "0.4.16"
  typed_data:
    dependency: transitive
    description:
      name: typed_data
      sha256: "26f87ade979c47a150c9eaab93ccd2bebe70a27dc0b4b29517f2904f04eb11a5"
      url: "https://pub.flutter-io.cn"
    source: hosted
    version: "1.3.1"
  vector_math:
    dependency: transitive
    description:
      name: vector_math
      sha256: "80b3257d1492ce4d091729e3a67a60407d227c27241d6927be0130c98e741803"
      url: "https://pub.flutter-io.cn"
    source: hosted
    version: "2.1.4"
  web_socket_channel:
    dependency: transitive
    description:
      name: web_socket_channel
      sha256: bfd93faab893a64920903d7d375517c18789c21e4c7daa5232a31ee126b7fea1
      url: "https://pub.flutter-io.cn"
    source: hosted
    version: "1.2.0"
  win32:
    dependency: transitive
    description:
      name: win32
      sha256: c0e3a4f7be7dae51d8f152230b86627e3397c1ba8c3fa58e63d44a9f3edc9cef
      url: "https://pub.flutter-io.cn"
    source: hosted
    version: "2.6.1"
  xdg_directories:
    dependency: transitive
    description:
      name: xdg_directories
      sha256: "864af550b70b87218770f8d7efd2814c38a3d6cf7103f245cc5413da0df3aee2"
      url: "https://pub.flutter-io.cn"
    source: hosted
    version: "0.1.2"
sdks:
  dart: ">=2.18.0 <3.0.0"
  flutter: ">=1.20.0"
